
Microsoft Visual Studio Solution File, Format Version 12.00
# Visual Studio Version 17
VisualStudioVersion = 17.0.31903.59
MinimumVisualStudioVersion = 10.0.40219.1
Project("{2150E333-8FDC-42A3-9474-1A3956D46DE8}") = "WebApi", "WebApi", "{F8D3F813-3F06-45DF-806D-6D0255969154}"
EndProject
Project("{FAE04EC0-301F-11D3-BF4B-00C04F79EFBC}") = "GradTech", "WebApi\GradTech\GradTech.csproj", "{85920D2F-D05D-4B00-8ABA-FAF04BB3E117}"
EndProject
Project("{2150E333-8FDC-42A3-9474-1A3956D46DE8}") = "Abstractions", "Abstractions", "{747955DE-FE04-422E-9B23-6D5F4B747D6A}"
EndProject
Project("{FAE04EC0-301F-11D3-BF4B-00C04F79EFBC}") = "GradTech.Abstraction.UnitServices", "Abstractions\GradTech.Abstraction.UnitServices\GradTech.Abstraction.UnitServices.csproj", "{6542411C-8B07-45EB-B4D0-D4EE4ED1D049}"
EndProject
Project("{2150E333-8FDC-42A3-9474-1A3956D46DE8}") = "DAL", "DAL", "{F72CA5C2-4D8C-4E05-A2F4-2598CB1086F3}"
EndProject
Project("{FAE04EC0-301F-11D3-BF4B-00C04F79EFBC}") = "GradTech.DAL.DbAll", "DAL\GradTech.DAL.DbAll\GradTech.DAL.DbAll.csproj", "{85D9A5C8-35F7-4AD7-8F9E-ED38EE7EB230}"
EndProject
Project("{2150E333-8FDC-42A3-9474-1A3956D46DE8}") = "Services", "Services", "{3EE57B2A-0BBE-4EC1-808D-FC0DDC160F08}"
EndProject
Project("{FAE04EC0-301F-11D3-BF4B-00C04F79EFBC}") = "GradTech.Service.UnitService", "Services\GradTech.Service.UnitService\GradTech.Service.UnitService.csproj", "{EFB4338E-741A-4482-996E-AAC089D59578}"
EndProject
Global
	GlobalSection(SolutionConfigurationPlatforms) = preSolution
		Debug|Any CPU = Debug|Any CPU
		Release|Any CPU = Release|Any CPU
	EndGlobalSection
	GlobalSection(SolutionProperties) = preSolution
		HideSolutionNode = FALSE
	EndGlobalSection
	GlobalSection(ProjectConfigurationPlatforms) = postSolution
		{371FA94D-3141-42D4-9577-66BEF28963E4}.Debug|Any CPU.ActiveCfg = Debug|Any CPU
		{371FA94D-3141-42D4-9577-66BEF28963E4}.Debug|Any CPU.Build.0 = Debug|Any CPU
		{371FA94D-3141-42D4-9577-66BEF28963E4}.Release|Any CPU.ActiveCfg = Release|Any CPU
		{371FA94D-3141-42D4-9577-66BEF28963E4}.Release|Any CPU.Build.0 = Release|Any CPU
		{85920D2F-D05D-4B00-8ABA-FAF04BB3E117}.Debug|Any CPU.ActiveCfg = Debug|Any CPU
		{85920D2F-D05D-4B00-8ABA-FAF04BB3E117}.Debug|Any CPU.Build.0 = Debug|Any CPU
		{85920D2F-D05D-4B00-8ABA-FAF04BB3E117}.Release|Any CPU.ActiveCfg = Release|Any CPU
		{85920D2F-D05D-4B00-8ABA-FAF04BB3E117}.Release|Any CPU.Build.0 = Release|Any CPU
		{54ED30BA-8B49-41AD-8EDB-8084B28C44E7}.Debug|Any CPU.ActiveCfg = Debug|Any CPU
		{54ED30BA-8B49-41AD-8EDB-8084B28C44E7}.Debug|Any CPU.Build.0 = Debug|Any CPU
		{54ED30BA-8B49-41AD-8EDB-8084B28C44E7}.Release|Any CPU.ActiveCfg = Release|Any CPU
		{54ED30BA-8B49-41AD-8EDB-8084B28C44E7}.Release|Any CPU.Build.0 = Release|Any CPU
		{70694100-54BC-4CEF-8176-FB8E4964CFE3}.Debug|Any CPU.ActiveCfg = Debug|Any CPU
		{70694100-54BC-4CEF-8176-FB8E4964CFE3}.Debug|Any CPU.Build.0 = Debug|Any CPU
		{70694100-54BC-4CEF-8176-FB8E4964CFE3}.Release|Any CPU.ActiveCfg = Release|Any CPU
		{70694100-54BC-4CEF-8176-FB8E4964CFE3}.Release|Any CPU.Build.0 = Release|Any CPU
		{9F473B04-AE8B-4A4A-9840-642388119900}.Debug|Any CPU.ActiveCfg = Debug|Any CPU
		{9F473B04-AE8B-4A4A-9840-642388119900}.Debug|Any CPU.Build.0 = Debug|Any CPU
		{9F473B04-AE8B-4A4A-9840-642388119900}.Release|Any CPU.ActiveCfg = Release|Any CPU
		{9F473B04-AE8B-4A4A-9840-642388119900}.Release|Any CPU.Build.0 = Release|Any CPU
		{F3515C40-9430-4B3D-843F-6F149D9B4FE4}.Debug|Any CPU.ActiveCfg = Debug|Any CPU
		{F3515C40-9430-4B3D-843F-6F149D9B4FE4}.Debug|Any CPU.Build.0 = Debug|Any CPU
		{F3515C40-9430-4B3D-843F-6F149D9B4FE4}.Release|Any CPU.ActiveCfg = Release|Any CPU
		{F3515C40-9430-4B3D-843F-6F149D9B4FE4}.Release|Any CPU.Build.0 = Release|Any CPU
		{68D8F156-05B7-462E-9C22-7419FEFCC4C7}.Debug|Any CPU.ActiveCfg = Debug|Any CPU
		{68D8F156-05B7-462E-9C22-7419FEFCC4C7}.Debug|Any CPU.Build.0 = Debug|Any CPU
		{68D8F156-05B7-462E-9C22-7419FEFCC4C7}.Release|Any CPU.ActiveCfg = Release|Any CPU
		{68D8F156-05B7-462E-9C22-7419FEFCC4C7}.Release|Any CPU.Build.0 = Release|Any CPU
		{985D0131-9C5D-4465-BCF4-726FAAA0A519}.Debug|Any CPU.ActiveCfg = Debug|Any CPU
		{985D0131-9C5D-4465-BCF4-726FAAA0A519}.Debug|Any CPU.Build.0 = Debug|Any CPU
		{985D0131-9C5D-4465-BCF4-726FAAA0A519}.Release|Any CPU.ActiveCfg = Release|Any CPU
		{985D0131-9C5D-4465-BCF4-726FAAA0A519}.Release|Any CPU.Build.0 = Release|Any CPU
		{6542411C-8B07-45EB-B4D0-D4EE4ED1D049}.Debug|Any CPU.ActiveCfg = Debug|Any CPU
		{6542411C-8B07-45EB-B4D0-D4EE4ED1D049}.Debug|Any CPU.Build.0 = Debug|Any CPU
		{6542411C-8B07-45EB-B4D0-D4EE4ED1D049}.Release|Any CPU.ActiveCfg = Release|Any CPU
		{6542411C-8B07-45EB-B4D0-D4EE4ED1D049}.Release|Any CPU.Build.0 = Release|Any CPU
		{85D9A5C8-35F7-4AD7-8F9E-ED38EE7EB230}.Debug|Any CPU.ActiveCfg = Debug|Any CPU
		{85D9A5C8-35F7-4AD7-8F9E-ED38EE7EB230}.Debug|Any CPU.Build.0 = Debug|Any CPU
		{85D9A5C8-35F7-4AD7-8F9E-ED38EE7EB230}.Release|Any CPU.ActiveCfg = Release|Any CPU
		{85D9A5C8-35F7-4AD7-8F9E-ED38EE7EB230}.Release|Any CPU.Build.0 = Release|Any CPU
		{EFB4338E-741A-4482-996E-AAC089D59578}.Debug|Any CPU.ActiveCfg = Debug|Any CPU
		{EFB4338E-741A-4482-996E-AAC089D59578}.Debug|Any CPU.Build.0 = Debug|Any CPU
		{EFB4338E-741A-4482-996E-AAC089D59578}.Release|Any CPU.ActiveCfg = Release|Any CPU
		{EFB4338E-741A-4482-996E-AAC089D59578}.Release|Any CPU.Build.0 = Release|Any CPU
	EndGlobalSection
	GlobalSection(NestedProjects) = preSolution
		{371FA94D-3141-42D4-9577-66BEF28963E4} = {F8D3F813-3F06-45DF-806D-6D0255969154}
		{85920D2F-D05D-4B00-8ABA-FAF04BB3E117} = {F8D3F813-3F06-45DF-806D-6D0255969154}
		{F3515C40-9430-4B3D-843F-6F149D9B4FE4} = {F8D3F813-3F06-45DF-806D-6D0255969154}
		{68D8F156-05B7-462E-9C22-7419FEFCC4C7} = {F8D3F813-3F06-45DF-806D-6D0255969154}
		{985D0131-9C5D-4465-BCF4-726FAAA0A519} = {F8D3F813-3F06-45DF-806D-6D0255969154}
		{6542411C-8B07-45EB-B4D0-D4EE4ED1D049} = {747955DE-FE04-422E-9B23-6D5F4B747D6A}
		{85D9A5C8-35F7-4AD7-8F9E-ED38EE7EB230} = {F72CA5C2-4D8C-4E05-A2F4-2598CB1086F3}
		{EFB4338E-741A-4482-996E-AAC089D59578} = {3EE57B2A-0BBE-4EC1-808D-FC0DDC160F08}
	EndGlobalSection
EndGlobal
