
Microsoft Visual Studio Solution File, Format Version 12.00
# Visual Studio Version 17
VisualStudioVersion = 17.0.31903.59
MinimumVisualStudioVersion = 10.0.40219.1
Project("{2150E333-8FDC-42A3-9474-1A3956D46DE8}") = "WebApi", "WebApi", "{F8D3F813-3F06-45DF-806D-6D0255969154}"
	ProjectSection(SolutionItems) = preProject
		WebApi\GradTech\obj\.DS_Store = WebApi\GradTech\obj\.DS_Store
		WebApi\GradTech\obj\GradTech.csproj.nuget.g.targets = WebApi\GradTech\obj\GradTech.csproj.nuget.g.targets
		WebApi\GradTech\obj\GradTech.csproj.nuget.g.props = WebApi\GradTech\obj\GradTech.csproj.nuget.g.props
		WebApi\GradTech\obj\rider.project.restore.info = WebApi\GradTech\obj\rider.project.restore.info
		WebApi\GradTech\obj\project.nuget.cache = WebApi\GradTech\obj\project.nuget.cache
		WebApi\GradTech\obj\rider.project.model.nuget.info = WebApi\GradTech\obj\rider.project.model.nuget.info
		WebApi\GradTech\obj\GradTech.csproj.nuget.dgspec.json = WebApi\GradTech\obj\GradTech.csproj.nuget.dgspec.json
		WebApi\GradTech\obj\project.packagespec.json = WebApi\GradTech\obj\project.packagespec.json
		WebApi\GradTech\obj\project.assets.json = WebApi\GradTech\obj\project.assets.json
		WebApi\GradTech\obj\GradTech.csproj.EntityFrameworkCore.targets = WebApi\GradTech\obj\GradTech.csproj.EntityFrameworkCore.targets
		WebApi\GradTech\obj\Debug\net8.0\GradTech.GlobalUsings.g.cs = WebApi\GradTech\obj\Debug\net8.0\GradTech.GlobalUsings.g.cs
		WebApi\GradTech\obj\Debug\net8.0\staticwebassets\msbuild.buildTransitive.GradTech.props = WebApi\GradTech\obj\Debug\net8.0\staticwebassets\msbuild.buildTransitive.GradTech.props
		WebApi\GradTech\obj\Debug\net8.0\staticwebassets\msbuild.buildMultiTargeting.GradTech.props = WebApi\GradTech\obj\Debug\net8.0\staticwebassets\msbuild.buildMultiTargeting.GradTech.props
		WebApi\GradTech\obj\Debug\net8.0\staticwebassets\msbuild.build.GradTech.props = WebApi\GradTech\obj\Debug\net8.0\staticwebassets\msbuild.build.GradTech.props
		WebApi\GradTech\obj\Debug\net8.0\.NETCoreApp,Version=v8.0.AssemblyAttributes.cs = WebApi\GradTech\obj\Debug\net8.0\.NETCoreApp,Version=v8.0.AssemblyAttributes.cs
		WebApi\GradTech\obj\Debug\net8.0\staticwebassets.build.json = WebApi\GradTech\obj\Debug\net8.0\staticwebassets.build.json
		WebApi\GradTech\obj\Debug\net8.0\ref\GradTech.dll = WebApi\GradTech\obj\Debug\net8.0\ref\GradTech.dll
		WebApi\GradTech\obj\Debug\net8.0\GradTech.csproj.FileListAbsolute.txt = WebApi\GradTech\obj\Debug\net8.0\GradTech.csproj.FileListAbsolute.txt
		WebApi\GradTech\obj\Debug\net8.0\refint\GradTech.dll = WebApi\GradTech\obj\Debug\net8.0\refint\GradTech.dll
		WebApi\GradTech\obj\Debug\net8.0\apphost = WebApi\GradTech\obj\Debug\net8.0\apphost
		WebApi\GradTech\obj\Debug\net8.0\GradTech.csproj.CoreCompileInputs.cache = WebApi\GradTech\obj\Debug\net8.0\GradTech.csproj.CoreCompileInputs.cache
		WebApi\GradTech\obj\Debug\net8.0\GradTech.csproj.Up2Date = WebApi\GradTech\obj\Debug\net8.0\GradTech.csproj.Up2Date
		WebApi\GradTech\obj\Debug\net8.0\GradTech.GeneratedMSBuildEditorConfig.editorconfig = WebApi\GradTech\obj\Debug\net8.0\GradTech.GeneratedMSBuildEditorConfig.editorconfig
		WebApi\GradTech\obj\Debug\net8.0\GradTech.MvcApplicationPartsAssemblyInfo.cache = WebApi\GradTech\obj\Debug\net8.0\GradTech.MvcApplicationPartsAssemblyInfo.cache
		WebApi\GradTech\obj\Debug\net8.0\GradTech.pdb = WebApi\GradTech\obj\Debug\net8.0\GradTech.pdb
		WebApi\GradTech\obj\Debug\net8.0\GradTech.csproj.AssemblyReference.cache = WebApi\GradTech\obj\Debug\net8.0\GradTech.csproj.AssemblyReference.cache
		WebApi\GradTech\obj\Debug\net8.0\GradTech.assets.cache = WebApi\GradTech\obj\Debug\net8.0\GradTech.assets.cache
		WebApi\GradTech\obj\Debug\net8.0\GradTech.genruntimeconfig.cache = WebApi\GradTech\obj\Debug\net8.0\GradTech.genruntimeconfig.cache
		WebApi\GradTech\obj\Debug\net8.0\GradTech.AssemblyInfo.cs = WebApi\GradTech\obj\Debug\net8.0\GradTech.AssemblyInfo.cs
		WebApi\GradTech\obj\Debug\net8.0\GradTech.dll = WebApi\GradTech\obj\Debug\net8.0\GradTech.dll
		WebApi\GradTech\obj\Debug\net8.0\GradTech.AssemblyInfoInputs.cache = WebApi\GradTech\obj\Debug\net8.0\GradTech.AssemblyInfoInputs.cache
		WebApi\GradTech\obj\Debug\net8.0\GradTech.sourcelink.json = WebApi\GradTech\obj\Debug\net8.0\GradTech.sourcelink.json
		WebApi\GradTech\obj\Debug\net8.0\GradTech.MvcApplicationPartsAssemblyInfo.cs = WebApi\GradTech\obj\Debug\net8.0\GradTech.MvcApplicationPartsAssemblyInfo.cs
		WebApi\GradTech\Migrations\20241019092046_InitialCreate.cs = WebApi\GradTech\Migrations\20241019092046_InitialCreate.cs
		WebApi\GradTech\Migrations\ApplicationDbContextModelSnapshot.cs = WebApi\GradTech\Migrations\ApplicationDbContextModelSnapshot.cs
		WebApi\GradTech\Migrations\20241019092046_InitialCreate.Designer.cs = WebApi\GradTech\Migrations\20241019092046_InitialCreate.Designer.cs
		WebApi\GradTech\.DS_Store = WebApi\GradTech\.DS_Store
		WebApi\GradTech\bin\.DS_Store = WebApi\GradTech\bin\.DS_Store
		WebApi\GradTech\bin\Debug\net8.0\zh-Hans\Microsoft.CodeAnalysis.resources.dll = WebApi\GradTech\bin\Debug\net8.0\zh-Hans\Microsoft.CodeAnalysis.resources.dll
		WebApi\GradTech\bin\Debug\net8.0\zh-Hans\Microsoft.CodeAnalysis.CSharp.Workspaces.resources.dll = WebApi\GradTech\bin\Debug\net8.0\zh-Hans\Microsoft.CodeAnalysis.CSharp.Workspaces.resources.dll
		WebApi\GradTech\bin\Debug\net8.0\zh-Hans\Microsoft.CodeAnalysis.CSharp.resources.dll = WebApi\GradTech\bin\Debug\net8.0\zh-Hans\Microsoft.CodeAnalysis.CSharp.resources.dll
		WebApi\GradTech\bin\Debug\net8.0\zh-Hans\Microsoft.CodeAnalysis.Workspaces.resources.dll = WebApi\GradTech\bin\Debug\net8.0\zh-Hans\Microsoft.CodeAnalysis.Workspaces.resources.dll
		WebApi\GradTech\bin\Debug\net8.0\zh-Hant\Microsoft.CodeAnalysis.resources.dll = WebApi\GradTech\bin\Debug\net8.0\zh-Hant\Microsoft.CodeAnalysis.resources.dll
		WebApi\GradTech\bin\Debug\net8.0\zh-Hant\Microsoft.CodeAnalysis.CSharp.Workspaces.resources.dll = WebApi\GradTech\bin\Debug\net8.0\zh-Hant\Microsoft.CodeAnalysis.CSharp.Workspaces.resources.dll
		WebApi\GradTech\bin\Debug\net8.0\zh-Hant\Microsoft.CodeAnalysis.CSharp.resources.dll = WebApi\GradTech\bin\Debug\net8.0\zh-Hant\Microsoft.CodeAnalysis.CSharp.resources.dll
		WebApi\GradTech\bin\Debug\net8.0\zh-Hant\Microsoft.CodeAnalysis.Workspaces.resources.dll = WebApi\GradTech\bin\Debug\net8.0\zh-Hant\Microsoft.CodeAnalysis.Workspaces.resources.dll
		WebApi\GradTech\bin\Debug\net8.0\Microsoft.AspNetCore.Cryptography.Internal.dll = WebApi\GradTech\bin\Debug\net8.0\Microsoft.AspNetCore.Cryptography.Internal.dll
		WebApi\GradTech\bin\Debug\net8.0\Microsoft.Win32.SystemEvents.dll = WebApi\GradTech\bin\Debug\net8.0\Microsoft.Win32.SystemEvents.dll
		WebApi\GradTech\bin\Debug\net8.0\Microsoft.IdentityModel.Logging.dll = WebApi\GradTech\bin\Debug\net8.0\Microsoft.IdentityModel.Logging.dll
		WebApi\GradTech\bin\Debug\net8.0\Mono.TextTemplating.dll = WebApi\GradTech\bin\Debug\net8.0\Mono.TextTemplating.dll
		WebApi\GradTech\bin\Debug\net8.0\pl\Microsoft.CodeAnalysis.resources.dll = WebApi\GradTech\bin\Debug\net8.0\pl\Microsoft.CodeAnalysis.resources.dll
		WebApi\GradTech\bin\Debug\net8.0\pl\Microsoft.CodeAnalysis.CSharp.Workspaces.resources.dll = WebApi\GradTech\bin\Debug\net8.0\pl\Microsoft.CodeAnalysis.CSharp.Workspaces.resources.dll
		WebApi\GradTech\bin\Debug\net8.0\pl\Microsoft.CodeAnalysis.CSharp.resources.dll = WebApi\GradTech\bin\Debug\net8.0\pl\Microsoft.CodeAnalysis.CSharp.resources.dll
		WebApi\GradTech\bin\Debug\net8.0\pl\Microsoft.CodeAnalysis.Workspaces.resources.dll = WebApi\GradTech\bin\Debug\net8.0\pl\Microsoft.CodeAnalysis.Workspaces.resources.dll
		WebApi\GradTech\bin\Debug\net8.0\System.Security.Permissions.dll = WebApi\GradTech\bin\Debug\net8.0\System.Security.Permissions.dll
		WebApi\GradTech\bin\Debug\net8.0\Microsoft.AspNetCore.Cryptography.KeyDerivation.dll = WebApi\GradTech\bin\Debug\net8.0\Microsoft.AspNetCore.Cryptography.KeyDerivation.dll
		WebApi\GradTech\bin\Debug\net8.0\Microsoft.EntityFrameworkCore.dll = WebApi\GradTech\bin\Debug\net8.0\Microsoft.EntityFrameworkCore.dll
		WebApi\GradTech\bin\Debug\net8.0\Microsoft.Extensions.Identity.Core.dll = WebApi\GradTech\bin\Debug\net8.0\Microsoft.Extensions.Identity.Core.dll
		WebApi\GradTech\bin\Debug\net8.0\Microsoft.CodeAnalysis.CSharp.Workspaces.dll = WebApi\GradTech\bin\Debug\net8.0\Microsoft.CodeAnalysis.CSharp.Workspaces.dll
		WebApi\GradTech\bin\Debug\net8.0\Microsoft.Extensions.Logging.dll = WebApi\GradTech\bin\Debug\net8.0\Microsoft.Extensions.Logging.dll
		WebApi\GradTech\bin\Debug\net8.0\System.Composition.Runtime.dll = WebApi\GradTech\bin\Debug\net8.0\System.Composition.Runtime.dll
		WebApi\GradTech\bin\Debug\net8.0\Microsoft.EntityFrameworkCore.Abstractions.dll = WebApi\GradTech\bin\Debug\net8.0\Microsoft.EntityFrameworkCore.Abstractions.dll
		WebApi\GradTech\bin\Debug\net8.0\Microsoft.Extensions.Logging.Abstractions.dll = WebApi\GradTech\bin\Debug\net8.0\Microsoft.Extensions.Logging.Abstractions.dll
		WebApi\GradTech\bin\Debug\net8.0\Azure.Core.dll = WebApi\GradTech\bin\Debug\net8.0\Azure.Core.dll
		WebApi\GradTech\bin\Debug\net8.0\Microsoft.CodeAnalysis.CSharp.dll = WebApi\GradTech\bin\Debug\net8.0\Microsoft.CodeAnalysis.CSharp.dll
		WebApi\GradTech\bin\Debug\net8.0\Microsoft.IdentityModel.Protocols.OpenIdConnect.dll = WebApi\GradTech\bin\Debug\net8.0\Microsoft.IdentityModel.Protocols.OpenIdConnect.dll
		WebApi\GradTech\bin\Debug\net8.0\Microsoft.Extensions.Identity.Stores.dll = WebApi\GradTech\bin\Debug\net8.0\Microsoft.Extensions.Identity.Stores.dll
		WebApi\GradTech\bin\Debug\net8.0\Azure.Identity.dll = WebApi\GradTech\bin\Debug\net8.0\Azure.Identity.dll
		WebApi\GradTech\bin\Debug\net8.0\GradTech = WebApi\GradTech\bin\Debug\net8.0\GradTech
		WebApi\GradTech\bin\Debug\net8.0\ja\Microsoft.CodeAnalysis.resources.dll = WebApi\GradTech\bin\Debug\net8.0\ja\Microsoft.CodeAnalysis.resources.dll
		WebApi\GradTech\bin\Debug\net8.0\ja\Microsoft.CodeAnalysis.CSharp.Workspaces.resources.dll = WebApi\GradTech\bin\Debug\net8.0\ja\Microsoft.CodeAnalysis.CSharp.Workspaces.resources.dll
		WebApi\GradTech\bin\Debug\net8.0\ja\Microsoft.CodeAnalysis.CSharp.resources.dll = WebApi\GradTech\bin\Debug\net8.0\ja\Microsoft.CodeAnalysis.CSharp.resources.dll
		WebApi\GradTech\bin\Debug\net8.0\ja\Microsoft.CodeAnalysis.Workspaces.resources.dll = WebApi\GradTech\bin\Debug\net8.0\ja\Microsoft.CodeAnalysis.Workspaces.resources.dll
		WebApi\GradTech\bin\Debug\net8.0\Microsoft.IdentityModel.Protocols.dll = WebApi\GradTech\bin\Debug\net8.0\Microsoft.IdentityModel.Protocols.dll
		WebApi\GradTech\bin\Debug\net8.0\it\Microsoft.CodeAnalysis.resources.dll = WebApi\GradTech\bin\Debug\net8.0\it\Microsoft.CodeAnalysis.resources.dll
		WebApi\GradTech\bin\Debug\net8.0\it\Microsoft.CodeAnalysis.CSharp.Workspaces.resources.dll = WebApi\GradTech\bin\Debug\net8.0\it\Microsoft.CodeAnalysis.CSharp.Workspaces.resources.dll
		WebApi\GradTech\bin\Debug\net8.0\it\Microsoft.CodeAnalysis.CSharp.resources.dll = WebApi\GradTech\bin\Debug\net8.0\it\Microsoft.CodeAnalysis.CSharp.resources.dll
		WebApi\GradTech\bin\Debug\net8.0\it\Microsoft.CodeAnalysis.Workspaces.resources.dll = WebApi\GradTech\bin\Debug\net8.0\it\Microsoft.CodeAnalysis.Workspaces.resources.dll
		WebApi\GradTech\bin\Debug\net8.0\cs\Microsoft.CodeAnalysis.resources.dll = WebApi\GradTech\bin\Debug\net8.0\cs\Microsoft.CodeAnalysis.resources.dll
		WebApi\GradTech\bin\Debug\net8.0\cs\Microsoft.CodeAnalysis.CSharp.Workspaces.resources.dll = WebApi\GradTech\bin\Debug\net8.0\cs\Microsoft.CodeAnalysis.CSharp.Workspaces.resources.dll
		WebApi\GradTech\bin\Debug\net8.0\cs\Microsoft.CodeAnalysis.CSharp.resources.dll = WebApi\GradTech\bin\Debug\net8.0\cs\Microsoft.CodeAnalysis.CSharp.resources.dll
		WebApi\GradTech\bin\Debug\net8.0\cs\Microsoft.CodeAnalysis.Workspaces.resources.dll = WebApi\GradTech\bin\Debug\net8.0\cs\Microsoft.CodeAnalysis.Workspaces.resources.dll
		WebApi\GradTech\bin\Debug\net8.0\Microsoft.Extensions.DependencyModel.dll = WebApi\GradTech\bin\Debug\net8.0\Microsoft.Extensions.DependencyModel.dll
		WebApi\GradTech\bin\Debug\net8.0\GradTech.deps.json = WebApi\GradTech\bin\Debug\net8.0\GradTech.deps.json
		WebApi\GradTech\bin\Debug\net8.0\System.Windows.Extensions.dll = WebApi\GradTech\bin\Debug\net8.0\System.Windows.Extensions.dll
		WebApi\GradTech\bin\Debug\net8.0\runtimes\win-arm\native\Microsoft.Data.SqlClient.SNI.dll = WebApi\GradTech\bin\Debug\net8.0\runtimes\win-arm\native\Microsoft.Data.SqlClient.SNI.dll
		WebApi\GradTech\bin\Debug\net8.0\runtimes\win\lib\net6.0\Microsoft.Win32.SystemEvents.dll = WebApi\GradTech\bin\Debug\net8.0\runtimes\win\lib\net6.0\Microsoft.Win32.SystemEvents.dll
		WebApi\GradTech\bin\Debug\net8.0\runtimes\win\lib\net6.0\System.Windows.Extensions.dll = WebApi\GradTech\bin\Debug\net8.0\runtimes\win\lib\net6.0\System.Windows.Extensions.dll
		WebApi\GradTech\bin\Debug\net8.0\runtimes\win\lib\net6.0\System.Security.Cryptography.ProtectedData.dll = WebApi\GradTech\bin\Debug\net8.0\runtimes\win\lib\net6.0\System.Security.Cryptography.ProtectedData.dll
		WebApi\GradTech\bin\Debug\net8.0\runtimes\win\lib\net6.0\System.Runtime.Caching.dll = WebApi\GradTech\bin\Debug\net8.0\runtimes\win\lib\net6.0\System.Runtime.Caching.dll
		WebApi\GradTech\bin\Debug\net8.0\runtimes\win\lib\net6.0\Microsoft.Data.SqlClient.dll = WebApi\GradTech\bin\Debug\net8.0\runtimes\win\lib\net6.0\Microsoft.Data.SqlClient.dll
		WebApi\GradTech\bin\Debug\net8.0\runtimes\win\lib\net6.0\System.Drawing.Common.dll = WebApi\GradTech\bin\Debug\net8.0\runtimes\win\lib\net6.0\System.Drawing.Common.dll
		WebApi\GradTech\bin\Debug\net8.0\runtimes\win-x86\native\Microsoft.Data.SqlClient.SNI.dll = WebApi\GradTech\bin\Debug\net8.0\runtimes\win-x86\native\Microsoft.Data.SqlClient.SNI.dll
		WebApi\GradTech\bin\Debug\net8.0\runtimes\win-x64\native\Microsoft.Data.SqlClient.SNI.dll = WebApi\GradTech\bin\Debug\net8.0\runtimes\win-x64\native\Microsoft.Data.SqlClient.SNI.dll
		WebApi\GradTech\bin\Debug\net8.0\runtimes\unix\lib\net6.0\Microsoft.Data.SqlClient.dll = WebApi\GradTech\bin\Debug\net8.0\runtimes\unix\lib\net6.0\Microsoft.Data.SqlClient.dll
		WebApi\GradTech\bin\Debug\net8.0\runtimes\unix\lib\net6.0\System.Drawing.Common.dll = WebApi\GradTech\bin\Debug\net8.0\runtimes\unix\lib\net6.0\System.Drawing.Common.dll
		WebApi\GradTech\bin\Debug\net8.0\runtimes\win-arm64\native\Microsoft.Data.SqlClient.SNI.dll = WebApi\GradTech\bin\Debug\net8.0\runtimes\win-arm64\native\Microsoft.Data.SqlClient.SNI.dll
		WebApi\GradTech\bin\Debug\net8.0\Microsoft.OpenApi.dll = WebApi\GradTech\bin\Debug\net8.0\Microsoft.OpenApi.dll
		WebApi\GradTech\bin\Debug\net8.0\appsettings.json = WebApi\GradTech\bin\Debug\net8.0\appsettings.json
		WebApi\GradTech\bin\Debug\net8.0\ru\Microsoft.CodeAnalysis.resources.dll = WebApi\GradTech\bin\Debug\net8.0\ru\Microsoft.CodeAnalysis.resources.dll
		WebApi\GradTech\bin\Debug\net8.0\ru\Microsoft.CodeAnalysis.CSharp.Workspaces.resources.dll = WebApi\GradTech\bin\Debug\net8.0\ru\Microsoft.CodeAnalysis.CSharp.Workspaces.resources.dll
		WebApi\GradTech\bin\Debug\net8.0\ru\Microsoft.CodeAnalysis.CSharp.resources.dll = WebApi\GradTech\bin\Debug\net8.0\ru\Microsoft.CodeAnalysis.CSharp.resources.dll
		WebApi\GradTech\bin\Debug\net8.0\ru\Microsoft.CodeAnalysis.Workspaces.resources.dll = WebApi\GradTech\bin\Debug\net8.0\ru\Microsoft.CodeAnalysis.Workspaces.resources.dll
		WebApi\GradTech\bin\Debug\net8.0\Microsoft.Extensions.DependencyInjection.dll = WebApi\GradTech\bin\Debug\net8.0\Microsoft.Extensions.DependencyInjection.dll
		WebApi\GradTech\bin\Debug\net8.0\Microsoft.EntityFrameworkCore.Relational.dll = WebApi\GradTech\bin\Debug\net8.0\Microsoft.EntityFrameworkCore.Relational.dll
		WebApi\GradTech\bin\Debug\net8.0\Microsoft.SqlServer.Server.dll = WebApi\GradTech\bin\Debug\net8.0\Microsoft.SqlServer.Server.dll
		WebApi\GradTech\bin\Debug\net8.0\GradTech.runtimeconfig.json = WebApi\GradTech\bin\Debug\net8.0\GradTech.runtimeconfig.json
		WebApi\GradTech\bin\Debug\net8.0\Humanizer.dll = WebApi\GradTech\bin\Debug\net8.0\Humanizer.dll
		WebApi\GradTech\bin\Debug\net8.0\Microsoft.Extensions.Options.dll = WebApi\GradTech\bin\Debug\net8.0\Microsoft.Extensions.Options.dll
		WebApi\GradTech\bin\Debug\net8.0\Microsoft.AspNetCore.OpenApi.dll = WebApi\GradTech\bin\Debug\net8.0\Microsoft.AspNetCore.OpenApi.dll
		WebApi\GradTech\bin\Debug\net8.0\Swashbuckle.AspNetCore.SwaggerUI.dll = WebApi\GradTech\bin\Debug\net8.0\Swashbuckle.AspNetCore.SwaggerUI.dll
		WebApi\GradTech\bin\Debug\net8.0\GradTech.pdb = WebApi\GradTech\bin\Debug\net8.0\GradTech.pdb
		WebApi\GradTech\bin\Debug\net8.0\Microsoft.CodeAnalysis.dll = WebApi\GradTech\bin\Debug\net8.0\Microsoft.CodeAnalysis.dll
		WebApi\GradTech\bin\Debug\net8.0\System.Composition.Convention.dll = WebApi\GradTech\bin\Debug\net8.0\System.Composition.Convention.dll
		WebApi\GradTech\bin\Debug\net8.0\System.Composition.Hosting.dll = WebApi\GradTech\bin\Debug\net8.0\System.Composition.Hosting.dll
		WebApi\GradTech\bin\Debug\net8.0\Swashbuckle.AspNetCore.SwaggerGen.dll = WebApi\GradTech\bin\Debug\net8.0\Swashbuckle.AspNetCore.SwaggerGen.dll
		WebApi\GradTech\bin\Debug\net8.0\Microsoft.IdentityModel.JsonWebTokens.dll = WebApi\GradTech\bin\Debug\net8.0\Microsoft.IdentityModel.JsonWebTokens.dll
		WebApi\GradTech\bin\Debug\net8.0\Microsoft.IdentityModel.Abstractions.dll = WebApi\GradTech\bin\Debug\net8.0\Microsoft.IdentityModel.Abstractions.dll
		WebApi\GradTech\bin\Debug\net8.0\Microsoft.Identity.Client.dll = WebApi\GradTech\bin\Debug\net8.0\Microsoft.Identity.Client.dll
		WebApi\GradTech\bin\Debug\net8.0\System.Memory.Data.dll = WebApi\GradTech\bin\Debug\net8.0\System.Memory.Data.dll
		WebApi\GradTech\bin\Debug\net8.0\System.Security.Cryptography.ProtectedData.dll = WebApi\GradTech\bin\Debug\net8.0\System.Security.Cryptography.ProtectedData.dll
		WebApi\GradTech\bin\Debug\net8.0\pt-BR\Microsoft.CodeAnalysis.resources.dll = WebApi\GradTech\bin\Debug\net8.0\pt-BR\Microsoft.CodeAnalysis.resources.dll
		WebApi\GradTech\bin\Debug\net8.0\pt-BR\Microsoft.CodeAnalysis.CSharp.Workspaces.resources.dll = WebApi\GradTech\bin\Debug\net8.0\pt-BR\Microsoft.CodeAnalysis.CSharp.Workspaces.resources.dll
		WebApi\GradTech\bin\Debug\net8.0\pt-BR\Microsoft.CodeAnalysis.CSharp.resources.dll = WebApi\GradTech\bin\Debug\net8.0\pt-BR\Microsoft.CodeAnalysis.CSharp.resources.dll
		WebApi\GradTech\bin\Debug\net8.0\pt-BR\Microsoft.CodeAnalysis.Workspaces.resources.dll = WebApi\GradTech\bin\Debug\net8.0\pt-BR\Microsoft.CodeAnalysis.Workspaces.resources.dll
		WebApi\GradTech\bin\Debug\net8.0\Microsoft.Extensions.Caching.Memory.dll = WebApi\GradTech\bin\Debug\net8.0\Microsoft.Extensions.Caching.Memory.dll
		WebApi\GradTech\bin\Debug\net8.0\de\Microsoft.CodeAnalysis.resources.dll = WebApi\GradTech\bin\Debug\net8.0\de\Microsoft.CodeAnalysis.resources.dll
		WebApi\GradTech\bin\Debug\net8.0\de\Microsoft.CodeAnalysis.CSharp.Workspaces.resources.dll = WebApi\GradTech\bin\Debug\net8.0\de\Microsoft.CodeAnalysis.CSharp.Workspaces.resources.dll
		WebApi\GradTech\bin\Debug\net8.0\de\Microsoft.CodeAnalysis.CSharp.resources.dll = WebApi\GradTech\bin\Debug\net8.0\de\Microsoft.CodeAnalysis.CSharp.resources.dll
		WebApi\GradTech\bin\Debug\net8.0\de\Microsoft.CodeAnalysis.Workspaces.resources.dll = WebApi\GradTech\bin\Debug\net8.0\de\Microsoft.CodeAnalysis.Workspaces.resources.dll
		WebApi\GradTech\bin\Debug\net8.0\System.IdentityModel.Tokens.Jwt.dll = WebApi\GradTech\bin\Debug\net8.0\System.IdentityModel.Tokens.Jwt.dll
		WebApi\GradTech\bin\Debug\net8.0\System.Runtime.Caching.dll = WebApi\GradTech\bin\Debug\net8.0\System.Runtime.Caching.dll
		WebApi\GradTech\bin\Debug\net8.0\ko\Microsoft.CodeAnalysis.resources.dll = WebApi\GradTech\bin\Debug\net8.0\ko\Microsoft.CodeAnalysis.resources.dll
		WebApi\GradTech\bin\Debug\net8.0\ko\Microsoft.CodeAnalysis.CSharp.Workspaces.resources.dll = WebApi\GradTech\bin\Debug\net8.0\ko\Microsoft.CodeAnalysis.CSharp.Workspaces.resources.dll
		WebApi\GradTech\bin\Debug\net8.0\ko\Microsoft.CodeAnalysis.CSharp.resources.dll = WebApi\GradTech\bin\Debug\net8.0\ko\Microsoft.CodeAnalysis.CSharp.resources.dll
		WebApi\GradTech\bin\Debug\net8.0\ko\Microsoft.CodeAnalysis.Workspaces.resources.dll = WebApi\GradTech\bin\Debug\net8.0\ko\Microsoft.CodeAnalysis.Workspaces.resources.dll
		WebApi\GradTech\bin\Debug\net8.0\GradTech.dll = WebApi\GradTech\bin\Debug\net8.0\GradTech.dll
		WebApi\GradTech\bin\Debug\net8.0\fr\Microsoft.CodeAnalysis.resources.dll = WebApi\GradTech\bin\Debug\net8.0\fr\Microsoft.CodeAnalysis.resources.dll
		WebApi\GradTech\bin\Debug\net8.0\fr\Microsoft.CodeAnalysis.CSharp.Workspaces.resources.dll = WebApi\GradTech\bin\Debug\net8.0\fr\Microsoft.CodeAnalysis.CSharp.Workspaces.resources.dll
		WebApi\GradTech\bin\Debug\net8.0\fr\Microsoft.CodeAnalysis.CSharp.resources.dll = WebApi\GradTech\bin\Debug\net8.0\fr\Microsoft.CodeAnalysis.CSharp.resources.dll
		WebApi\GradTech\bin\Debug\net8.0\fr\Microsoft.CodeAnalysis.Workspaces.resources.dll = WebApi\GradTech\bin\Debug\net8.0\fr\Microsoft.CodeAnalysis.Workspaces.resources.dll
		WebApi\GradTech\bin\Debug\net8.0\Microsoft.AspNetCore.Identity.EntityFrameworkCore.dll = WebApi\GradTech\bin\Debug\net8.0\Microsoft.AspNetCore.Identity.EntityFrameworkCore.dll
		WebApi\GradTech\bin\Debug\net8.0\Microsoft.IdentityModel.Tokens.dll = WebApi\GradTech\bin\Debug\net8.0\Microsoft.IdentityModel.Tokens.dll
		WebApi\GradTech\bin\Debug\net8.0\appsettings.Development.json = WebApi\GradTech\bin\Debug\net8.0\appsettings.Development.json
		WebApi\GradTech\bin\Debug\net8.0\es\Microsoft.CodeAnalysis.resources.dll = WebApi\GradTech\bin\Debug\net8.0\es\Microsoft.CodeAnalysis.resources.dll
		WebApi\GradTech\bin\Debug\net8.0\es\Microsoft.CodeAnalysis.CSharp.Workspaces.resources.dll = WebApi\GradTech\bin\Debug\net8.0\es\Microsoft.CodeAnalysis.CSharp.Workspaces.resources.dll
		WebApi\GradTech\bin\Debug\net8.0\es\Microsoft.CodeAnalysis.CSharp.resources.dll = WebApi\GradTech\bin\Debug\net8.0\es\Microsoft.CodeAnalysis.CSharp.resources.dll
		WebApi\GradTech\bin\Debug\net8.0\es\Microsoft.CodeAnalysis.Workspaces.resources.dll = WebApi\GradTech\bin\Debug\net8.0\es\Microsoft.CodeAnalysis.Workspaces.resources.dll
		WebApi\GradTech\bin\Debug\net8.0\Microsoft.Extensions.DependencyInjection.Abstractions.dll = WebApi\GradTech\bin\Debug\net8.0\Microsoft.Extensions.DependencyInjection.Abstractions.dll
		WebApi\GradTech\bin\Debug\net8.0\System.Composition.TypedParts.dll = WebApi\GradTech\bin\Debug\net8.0\System.Composition.TypedParts.dll
		WebApi\GradTech\bin\Debug\net8.0\System.Composition.AttributedModel.dll = WebApi\GradTech\bin\Debug\net8.0\System.Composition.AttributedModel.dll
		WebApi\GradTech\bin\Debug\net8.0\System.Configuration.ConfigurationManager.dll = WebApi\GradTech\bin\Debug\net8.0\System.Configuration.ConfigurationManager.dll
		WebApi\GradTech\bin\Debug\net8.0\Microsoft.Identity.Client.Extensions.Msal.dll = WebApi\GradTech\bin\Debug\net8.0\Microsoft.Identity.Client.Extensions.Msal.dll
		WebApi\GradTech\bin\Debug\net8.0\Microsoft.CodeAnalysis.Workspaces.dll = WebApi\GradTech\bin\Debug\net8.0\Microsoft.CodeAnalysis.Workspaces.dll
		WebApi\GradTech\bin\Debug\net8.0\System.CodeDom.dll = WebApi\GradTech\bin\Debug\net8.0\System.CodeDom.dll
		WebApi\GradTech\bin\Debug\net8.0\Microsoft.Data.SqlClient.dll = WebApi\GradTech\bin\Debug\net8.0\Microsoft.Data.SqlClient.dll
		WebApi\GradTech\bin\Debug\net8.0\Microsoft.EntityFrameworkCore.Design.dll = WebApi\GradTech\bin\Debug\net8.0\Microsoft.EntityFrameworkCore.Design.dll
		WebApi\GradTech\bin\Debug\net8.0\tr\Microsoft.CodeAnalysis.resources.dll = WebApi\GradTech\bin\Debug\net8.0\tr\Microsoft.CodeAnalysis.resources.dll
		WebApi\GradTech\bin\Debug\net8.0\tr\Microsoft.CodeAnalysis.CSharp.Workspaces.resources.dll = WebApi\GradTech\bin\Debug\net8.0\tr\Microsoft.CodeAnalysis.CSharp.Workspaces.resources.dll
		WebApi\GradTech\bin\Debug\net8.0\tr\Microsoft.CodeAnalysis.CSharp.resources.dll = WebApi\GradTech\bin\Debug\net8.0\tr\Microsoft.CodeAnalysis.CSharp.resources.dll
		WebApi\GradTech\bin\Debug\net8.0\tr\Microsoft.CodeAnalysis.Workspaces.resources.dll = WebApi\GradTech\bin\Debug\net8.0\tr\Microsoft.CodeAnalysis.Workspaces.resources.dll
		WebApi\GradTech\bin\Debug\net8.0\Microsoft.EntityFrameworkCore.SqlServer.dll = WebApi\GradTech\bin\Debug\net8.0\Microsoft.EntityFrameworkCore.SqlServer.dll
		WebApi\GradTech\bin\Debug\net8.0\Swashbuckle.AspNetCore.Swagger.dll = WebApi\GradTech\bin\Debug\net8.0\Swashbuckle.AspNetCore.Swagger.dll
		WebApi\GradTech\bin\Debug\net8.0\System.Drawing.Common.dll = WebApi\GradTech\bin\Debug\net8.0\System.Drawing.Common.dll
		WebApi\GradTech\bin\Debug\net8.0\Microsoft.Bcl.AsyncInterfaces.dll = WebApi\GradTech\bin\Debug\net8.0\Microsoft.Bcl.AsyncInterfaces.dll
		WebApi\GradTech\Dockerfile = WebApi\GradTech\Dockerfile
		WebApi\GradTech\appsettings.json = WebApi\GradTech\appsettings.json
		WebApi\GradTech\Properties\launchSettings.json = WebApi\GradTech\Properties\launchSettings.json
		WebApi\GradTech\GradTech.http = WebApi\GradTech\GradTech.http
		WebApi\GradTech\GradTech.csproj = WebApi\GradTech\GradTech.csproj
		WebApi\GradTech\appsettings.Development.json = WebApi\GradTech\appsettings.Development.json
		WebApi\GradTech\Controllers\Test.cs = WebApi\GradTech\Controllers\Test.cs
		WebApi\GradTech\Data\ApplicationDbContext.cs = WebApi\GradTech\Data\ApplicationDbContext.cs
		WebApi\GradTech\.idea\.idea.GradTech.dir\.idea\indexLayout.xml = WebApi\GradTech\.idea\.idea.GradTech.dir\.idea\indexLayout.xml
		WebApi\GradTech\.idea\.idea.GradTech.dir\.idea\encodings.xml = WebApi\GradTech\.idea\.idea.GradTech.dir\.idea\encodings.xml
		WebApi\GradTech\.idea\.idea.GradTech.dir\.idea\projectSettingsUpdater.xml = WebApi\GradTech\.idea\.idea.GradTech.dir\.idea\projectSettingsUpdater.xml
		WebApi\GradTech\.idea\.idea.GradTech.dir\.idea\vcs.xml = WebApi\GradTech\.idea\.idea.GradTech.dir\.idea\vcs.xml
		WebApi\GradTech\.idea\.idea.GradTech.dir\.idea\workspace.xml = WebApi\GradTech\.idea\.idea.GradTech.dir\.idea\workspace.xml
		WebApi\GradTech\Program.cs = WebApi\GradTech\Program.cs
	EndProjectSection
EndProject
Project("{FAE04EC0-301F-11D3-BF4B-00C04F79EFBC}") = "GradTech", "WebApi\GradTech\GradTech.csproj", "{85920D2F-D05D-4B00-8ABA-FAF04BB3E117}"
EndProject
Global
	GlobalSection(SolutionConfigurationPlatforms) = preSolution
		Debug|Any CPU = Debug|Any CPU
		Release|Any CPU = Release|Any CPU
	EndGlobalSection
	GlobalSection(SolutionProperties) = preSolution
		HideSolutionNode = FALSE
	EndGlobalSection
	GlobalSection(ProjectConfigurationPlatforms) = postSolution
		{371FA94D-3141-42D4-9577-66BEF28963E4}.Debug|Any CPU.ActiveCfg = Debug|Any CPU
		{371FA94D-3141-42D4-9577-66BEF28963E4}.Debug|Any CPU.Build.0 = Debug|Any CPU
		{371FA94D-3141-42D4-9577-66BEF28963E4}.Release|Any CPU.ActiveCfg = Release|Any CPU
		{371FA94D-3141-42D4-9577-66BEF28963E4}.Release|Any CPU.Build.0 = Release|Any CPU
		{85920D2F-D05D-4B00-8ABA-FAF04BB3E117}.Debug|Any CPU.ActiveCfg = Debug|Any CPU
		{85920D2F-D05D-4B00-8ABA-FAF04BB3E117}.Debug|Any CPU.Build.0 = Debug|Any CPU
		{85920D2F-D05D-4B00-8ABA-FAF04BB3E117}.Release|Any CPU.ActiveCfg = Release|Any CPU
		{85920D2F-D05D-4B00-8ABA-FAF04BB3E117}.Release|Any CPU.Build.0 = Release|Any CPU
	EndGlobalSection
	GlobalSection(NestedProjects) = preSolution
		{371FA94D-3141-42D4-9577-66BEF28963E4} = {F8D3F813-3F06-45DF-806D-6D0255969154}
		{85920D2F-D05D-4B00-8ABA-FAF04BB3E117} = {F8D3F813-3F06-45DF-806D-6D0255969154}
	EndGlobalSection
EndGlobal
